// !$*UTF8*$!
{
	archiveVersion = 1;
	classes = {
	};
	objectVersion = 50;
	objects = {

/* Begin PBXBuildFile section */
		0A2BFF3D21BE44D1000515CE /* AppDelegate.swift in Sources */ = {isa = PBXBuildFile; fileRef = 0A2BFF3C21BE44D1000515CE /* AppDelegate.swift */; };
		0A2BFF3F21BE44D1000515CE /* ViewController.swift in Sources */ = {isa = PBXBuildFile; fileRef = 0A2BFF3E21BE44D1000515CE /* ViewController.swift */; };
		0A2BFF4221BE44D1000515CE /* Main.storyboard in Resources */ = {isa = PBXBuildFile; fileRef = 0A2BFF4021BE44D1000515CE /* Main.storyboard */; };
		0A2BFF4421BE44D4000515CE /* Assets.xcassets in Resources */ = {isa = PBXBuildFile; fileRef = 0A2BFF4321BE44D4000515CE /* Assets.xcassets */; };
		0A2BFF4721BE44D4000515CE /* LaunchScreen.storyboard in Resources */ = {isa = PBXBuildFile; fileRef = 0A2BFF4521BE44D4000515CE /* LaunchScreen.storyboard */; };
		2DE02BB91882148851200664 /* Pods_Viper_Demo.framework in Frameworks */ = {isa = PBXBuildFile; fileRef = 18F9385CC1E95B934143CAA9 /* Pods_Viper_Demo.framework */; };
/* End PBXBuildFile section */

/* Begin PBXFileReference section */
		0A2BFF3921BE44D1000515CE /* Viper-Demo.app */ = {isa = PBXFileReference; explicitFileType = wrapper.application; includeInIndex = 0; path = "Viper-Demo.app"; sourceTree = BUILT_PRODUCTS_DIR; };
		0A2BFF3C21BE44D1000515CE /* AppDelegate.swift */ = {isa = PBXFileReference; lastKnownFileType = sourcecode.swift; path = AppDelegate.swift; sourceTree = "<group>"; };
		0A2BFF3E21BE44D1000515CE /* ViewController.swift */ = {isa = PBXFileReference; lastKnownFileType = sourcecode.swift; path = ViewController.swift; sourceTree = "<group>"; };
		0A2BFF4121BE44D1000515CE /* Base */ = {isa = PBXFileReference; lastKnownFileType = file.storyboard; name = Base; path = Base.lproj/Main.storyboard; sourceTree = "<group>"; };
		0A2BFF4321BE44D4000515CE /* Assets.xcassets */ = {isa = PBXFileReference; lastKnownFileType = folder.assetcatalog; path = Assets.xcassets; sourceTree = "<group>"; };
		0A2BFF4621BE44D4000515CE /* Base */ = {isa = PBXFileReference; lastKnownFileType = file.storyboard; name = Base; path = Base.lproj/LaunchScreen.storyboard; sourceTree = "<group>"; };
		0A2BFF4821BE44D4000515CE /* Info.plist */ = {isa = PBXFileReference; lastKnownFileType = text.plist.xml; path = Info.plist; sourceTree = "<group>"; };
		18F9385CC1E95B934143CAA9 /* Pods_Viper_Demo.framework */ = {isa = PBXFileReference; explicitFileType = wrapper.framework; includeInIndex = 0; path = Pods_Viper_Demo.framework; sourceTree = BUILT_PRODUCTS_DIR; };
		34251C97ED5D352F52F4F631 /* Pods-Viper-Demo.release.xcconfig */ = {isa = PBXFileReference; includeInIndex = 1; lastKnownFileType = text.xcconfig; name = "Pods-Viper-Demo.release.xcconfig"; path = "Target Support Files/Pods-Viper-Demo/Pods-Viper-Demo.release.xcconfig"; sourceTree = "<group>"; };
		737BA1A0E77BF759FE4009CE /* Pods-Viper-Demo.debug.xcconfig */ = {isa = PBXFileReference; includeInIndex = 1; lastKnownFileType = text.xcconfig; name = "Pods-Viper-Demo.debug.xcconfig"; path = "Target Support Files/Pods-Viper-Demo/Pods-Viper-Demo.debug.xcconfig"; sourceTree = "<group>"; };
/* End PBXFileReference section */

/* Begin PBXFrameworksBuildPhase section */
		0A2BFF3621BE44D1000515CE /* Frameworks */ = {
			isa = PBXFrameworksBuildPhase;
			buildActionMask = 2147483647;
			files = (
				2DE02BB91882148851200664 /* Pods_Viper_Demo.framework in Frameworks */,
			);
			runOnlyForDeploymentPostprocessing = 0;
		};
/* End PBXFrameworksBuildPhase section */

/* Begin PBXGroup section */
		0A2BFF3021BE44D1000515CE = {
			isa = PBXGroup;
			children = (
				0A2BFF3B21BE44D1000515CE /* Viper-Demo */,
				0A2BFF3A21BE44D1000515CE /* Products */,
				4B6658A0906F25EF6BE4D25B /* Pods */,
				F84ED825703ACBA6B3784D2E /* Frameworks */,
			);
			sourceTree = "<group>";
		};
		0A2BFF3A21BE44D1000515CE /* Products */ = {
			isa = PBXGroup;
			children = (
				0A2BFF3921BE44D1000515CE /* Viper-Demo.app */,
			);
			name = Products;
			sourceTree = "<group>";
		};
		0A2BFF3B21BE44D1000515CE /* Viper-Demo */ = {
			isa = PBXGroup;
			children = (
				0A2BFF3C21BE44D1000515CE /* AppDelegate.swift */,
				0A2BFF3E21BE44D1000515CE /* ViewController.swift */,
				0A2BFF4021BE44D1000515CE /* Main.storyboard */,
				0A2BFF4321BE44D4000515CE /* Assets.xcassets */,
				0A2BFF4521BE44D4000515CE /* LaunchScreen.storyboard */,
				0A2BFF4821BE44D4000515CE /* Info.plist */,
			);
			path = "Viper-Demo";
			sourceTree = "<group>";
		};
		4B6658A0906F25EF6BE4D25B /* Pods */ = {
			isa = PBXGroup;
			children = (
				737BA1A0E77BF759FE4009CE /* Pods-Viper-Demo.debug.xcconfig */,
				34251C97ED5D352F52F4F631 /* Pods-Viper-Demo.release.xcconfig */,
			);
			name = Pods;
			path = Pods;
			sourceTree = "<group>";
		};
		F84ED825703ACBA6B3784D2E /* Frameworks */ = {
			isa = PBXGroup;
			children = (
				18F9385CC1E95B934143CAA9 /* Pods_Viper_Demo.framework */,
			);
			name = Frameworks;
			sourceTree = "<group>";
		};
/* End PBXGroup section */

/* Begin PBXNativeTarget section */
		0A2BFF3821BE44D1000515CE /* Viper-Demo */ = {
			isa = PBXNativeTarget;
			buildConfigurationList = 0A2BFF4B21BE44D4000515CE /* Build configuration list for PBXNativeTarget "Viper-Demo" */;
			buildPhases = (
				562B7C4BED554EC3C1DA6DE4 /* [CP] Check Pods Manifest.lock */,
				0A2BFF3521BE44D1000515CE /* Sources */,
				0A2BFF3621BE44D1000515CE /* Frameworks */,
				0A2BFF3721BE44D1000515CE /* Resources */,
				C8E23C2EA7AA777585399CD4 /* [CP] Embed Pods Frameworks */,
			);
			buildRules = (
			);
			dependencies = (
			);
			name = "Viper-Demo";
			productName = "Viper-Demo";
			productReference = 0A2BFF3921BE44D1000515CE /* Viper-Demo.app */;
			productType = "com.apple.product-type.application";
		};
/* End PBXNativeTarget section */

/* Begin PBXProject section */
		0A2BFF3121BE44D1000515CE /* Project object */ = {
			isa = PBXProject;
			attributes = {
				LastSwiftUpdateCheck = 1010;
				LastUpgradeCheck = 1010;
				ORGANIZATIONNAME = "Prajwal Maharjan";
				TargetAttributes = {
					0A2BFF3821BE44D1000515CE = {
						CreatedOnToolsVersion = 10.1;
					};
				};
			};
			buildConfigurationList = 0A2BFF3421BE44D1000515CE /* Build configuration list for PBXProject "Viper-Demo" */;
			compatibilityVersion = "Xcode 9.3";
			developmentRegion = en;
			hasScannedForEncodings = 0;
			knownRegions = (
				en,
				Base,
			);
			mainGroup = 0A2BFF3021BE44D1000515CE;
			productRefGroup = 0A2BFF3A21BE44D1000515CE /* Products */;
			projectDirPath = "";
			projectRoot = "";
			targets = (
				0A2BFF3821BE44D1000515CE /* Viper-Demo */,
			);
		};
/* End PBXProject section */

/* Begin PBXResourcesBuildPhase section */
		0A2BFF3721BE44D1000515CE /* Resources */ = {
			isa = PBXResourcesBuildPhase;
			buildActionMask = 2147483647;
			files = (
				0A2BFF4721BE44D4000515CE /* LaunchScreen.storyboard in Resources */,
				0A2BFF4421BE44D4000515CE /* Assets.xcassets in Resources */,
				0A2BFF4221BE44D1000515CE /* Main.storyboard in Resources */,
			);
			runOnlyForDeploymentPostprocessing = 0;
		};
/* End PBXResourcesBuildPhase section */

/* Begin PBXShellScriptBuildPhase section */
		562B7C4BED554EC3C1DA6DE4 /* [CP] Check Pods Manifest.lock */ = {
			isa = PBXShellScriptBuildPhase;
			buildActionMask = 2147483647;
			files = (
			);
			inputFileListPaths = (
			);
			inputPaths = (
				"${PODS_PODFILE_DIR_PATH}/Podfile.lock",
				"${PODS_ROOT}/Manifest.lock",
			);
			name = "[CP] Check Pods Manifest.lock";
			outputFileListPaths = (
			);
			outputPaths = (
				"$(DERIVED_FILE_DIR)/Pods-Viper-Demo-checkManifestLockResult.txt",
			);
			runOnlyForDeploymentPostprocessing = 0;
			shellPath = /bin/sh;
			shellScript = "diff \"${PODS_PODFILE_DIR_PATH}/Podfile.lock\" \"${PODS_ROOT}/Manifest.lock\" > /dev/null\nif [ $? != 0 ] ; then\n    # print error to STDERR\n    echo \"error: The sandbox is not in sync with the Podfile.lock. Run 'pod install' or update your CocoaPods installation.\" >&2\n    exit 1\nfi\n# This output is used by Xcode 'outputs' to avoid re-running this script phase.\necho \"SUCCESS\" > \"${SCRIPT_OUTPUT_FILE_0}\"\n";
			showEnvVarsInLog = 0;
		};
		C8E23C2EA7AA777585399CD4 /* [CP] Embed Pods Frameworks */ = {
			isa = PBXShellScriptBuildPhase;
			buildActionMask = 2147483647;
			files = (
			);
			inputFileListPaths = (
			);
			inputPaths = (
				"${PODS_ROOT}/Target Support Files/Pods-Viper-Demo/Pods-Viper-Demo-frameworks.sh",
				"${BUILT_PRODUCTS_DIR}/Alamofire/Alamofire.framework",
				"${BUILT_PRODUCTS_DIR}/AlamofireObjectMapper/AlamofireObjectMapper.framework",
				"${BUILT_PRODUCTS_DIR}/ObjectMapper/ObjectMapper.framework",
				"${BUILT_PRODUCTS_DIR}/PKHUD/PKHUD.framework",
				"${BUILT_PRODUCTS_DIR}/RxCocoa/RxCocoa.framework",
				"${BUILT_PRODUCTS_DIR}/RxSwift/RxSwift.framework",
			);
			name = "[CP] Embed Pods Frameworks";
			outputFileListPaths = (
			);
			outputPaths = (
				"${TARGET_BUILD_DIR}/${FRAMEWORKS_FOLDER_PATH}/Alamofire.framework",
				"${TARGET_BUILD_DIR}/${FRAMEWORKS_FOLDER_PATH}/AlamofireObjectMapper.framework",
				"${TARGET_BUILD_DIR}/${FRAMEWORKS_FOLDER_PATH}/ObjectMapper.framework",
				"${TARGET_BUILD_DIR}/${FRAMEWORKS_FOLDER_PATH}/PKHUD.framework",
				"${TARGET_BUILD_DIR}/${FRAMEWORKS_FOLDER_PATH}/RxCocoa.framework",
				"${TARGET_BUILD_DIR}/${FRAMEWORKS_FOLDER_PATH}/RxSwift.framework",
			);
			runOnlyForDeploymentPostprocessing = 0;
			shellPath = /bin/sh;
			shellScript = "\"${PODS_ROOT}/Target Support Files/Pods-Viper-Demo/Pods-Viper-Demo-frameworks.sh\"\n";
			showEnvVarsInLog = 0;
		};
/* End PBXShellScriptBuildPhase section */

/* Begin PBXSourcesBuildPhase section */
		0A2BFF3521BE44D1000515CE /* Sources */ = {
			isa = PBXSourcesBuildPhase;
			buildActionMask = 2147483647;
			files = (
				0A2BFF3F21BE44D1000515CE /* ViewController.swift in Sources */,
				0A2BFF3D21BE44D1000515CE /* AppDelegate.swift in Sources */,
			);
			runOnlyForDeploymentPostprocessing = 0;
		};
/* End PBXSourcesBuildPhase section */

/* Begin PBXVariantGroup section */
		0A2BFF4021BE44D1000515CE /* Main.storyboard */ = {
			isa = PBXVariantGroup;
			children = (
				0A2BFF4121BE44D1000515CE /* Base */,
			);
			name = Main.storyboard;
			sourceTree = "<group>";
		};
		0A2BFF4521BE44D4000515CE /* LaunchScreen.storyboard */ = {
			isa = PBXVariantGroup;
			children = (
				0A2BFF4621BE44D4000515CE /* Base */,
			);
			name = LaunchScreen.storyboard;
			sourceTree = "<group>";
		};
/* End PBXVariantGroup section */

/* Begin XCBuildConfiguration section */
		0A2BFF4921BE44D4000515CE /* Debug */ = {
			isa = XCBuildConfiguration;
			buildSettings = {
				ALWAYS_SEARCH_USER_PATHS = NO;
				CLANG_ANALYZER_NONNULL = YES;
				CLANG_ANALYZER_NUMBER_OBJECT_CONVERSION = YES_AGGRESSIVE;
				CLANG_CXX_LANGUAGE_STANDARD = "gnu++14";
				CLANG_CXX_LIBRARY = "libc++";
				CLANG_ENABLE_MODULES = YES;
				CLANG_ENABLE_OBJC_ARC = YES;
				CLANG_ENABLE_OBJC_WEAK = YES;
				CLANG_WARN_BLOCK_CAPTURE_AUTORELEASING = YES;
				CLANG_WARN_BOOL_CONVERSION = YES;
				CLANG_WARN_COMMA = YES;
				CLANG_WARN_CONSTANT_CONVERSION = YES;
				CLANG_WARN_DEPRECATED_OBJC_IMPLEMENTATIONS = YES;
				CLANG_WARN_DIRECT_OBJC_ISA_USAGE = YES_ERROR;
				CLANG_WARN_DOCUMENTATION_COMMENTS = YES;
				CLANG_WARN_EMPTY_BODY = YES;
				CLANG_WARN_ENUM_CONVERSION = YES;
				CLANG_WARN_INFINITE_RECURSION = YES;
				CLANG_WARN_INT_CONVERSION = YES;
				CLANG_WARN_NON_LITERAL_NULL_CONVERSION = YES;
				CLANG_WARN_OBJC_IMPLICIT_RETAIN_SELF = YES;
				CLANG_WARN_OBJC_LITERAL_CONVERSION = YES;
				CLANG_WARN_OBJC_ROOT_CLASS = YES_ERROR;
				CLANG_WARN_RANGE_LOOP_ANALYSIS = YES;
				CLANG_WARN_STRICT_PROTOTYPES = YES;
				CLANG_WARN_SUSPICIOUS_MOVE = YES;
				CLANG_WARN_UNGUARDED_AVAILABILITY = YES_AGGRESSIVE;
				CLANG_WARN_UNREACHABLE_CODE = YES;
				CLANG_WARN__DUPLICATE_METHOD_MATCH = YES;
				CODE_SIGN_IDENTITY = "iPhone Developer";
				COPY_PHASE_STRIP = NO;
				DEBUG_INFORMATION_FORMAT = dwarf;
				ENABLE_STRICT_OBJC_MSGSEND = YES;
				ENABLE_TESTABILITY = YES;
				GCC_C_LANGUAGE_STANDARD = gnu11;
				GCC_DYNAMIC_NO_PIC = NO;
				GCC_NO_COMMON_BLOCKS = YES;
				GCC_OPTIMIZATION_LEVEL = 0;
				GCC_PREPROCESSOR_DEFINITIONS = (
					"DEBUG=1",
					"$(inherited)",
				);
				GCC_WARN_64_TO_32_BIT_CONVERSION = YES;
				GCC_WARN_ABOUT_RETURN_TYPE = YES_ERROR;
				GCC_WARN_UNDECLARED_SELECTOR = YES;
				GCC_WARN_UNINITIALIZED_AUTOS = YES_AGGRESSIVE;
				GCC_WARN_UNUSED_FUNCTION = YES;
				GCC_WARN_UNUSED_VARIABLE = YES;
				IPHONEOS_DEPLOYMENT_TARGET = 12.1;
				MTL_ENABLE_DEBUG_INFO = INCLUDE_SOURCE;
				MTL_FAST_MATH = YES;
				ONLY_ACTIVE_ARCH = YES;
				SDKROOT = iphoneos;
				SWIFT_ACTIVE_COMPILATION_CONDITIONS = DEBUG;
				SWIFT_OPTIMIZATION_LEVEL = "-Onone";
			};
			name = Debug;
		};
		0A2BFF4A21BE44D4000515CE /* Release */ = {
			isa = XCBuildConfiguration;
			buildSettings = {
				ALWAYS_SEARCH_USER_PATHS = NO;
				CLANG_ANALYZER_NONNULL = YES;
				CLANG_ANALYZER_NUMBER_OBJECT_CONVERSION = YES_AGGRESSIVE;
				CLANG_CXX_LANGUAGE_STANDARD = "gnu++14";
				CLANG_CXX_LIBRARY = "libc++";
				CLANG_ENABLE_MODULES = YES;
				CLANG_ENABLE_OBJC_ARC = YES;
				CLANG_ENABLE_OBJC_WEAK = YES;
				CLANG_WARN_BLOCK_CAPTURE_AUTORELEASING = YES;
				CLANG_WARN_BOOL_CONVERSION = YES;
				CLANG_WARN_COMMA = YES;
				CLANG_WARN_CONSTANT_CONVERSION = YES;
				CLANG_WARN_DEPRECATED_OBJC_IMPLEMENTATIONS = YES;
				CLANG_WARN_DIRECT_OBJC_ISA_USAGE = YES_ERROR;
				CLANG_WARN_DOCUMENTATION_COMMENTS = YES;
				CLANG_WARN_EMPTY_BODY = YES;
				CLANG_WARN_ENUM_CONVERSION = YES;
				CLANG_WARN_INFINITE_RECURSION = YES;
				CLANG_WARN_INT_CONVERSION = YES;
				CLANG_WARN_NON_LITERAL_NULL_CONVERSION = YES;
				CLANG_WARN_OBJC_IMPLICIT_RETAIN_SELF = YES;
				CLANG_WARN_OBJC_LITERAL_CONVERSION = YES;
				CLANG_WARN_OBJC_ROOT_CLASS = YES_ERROR;
				CLANG_WARN_RANGE_LOOP_ANALYSIS = YES;
				CLANG_WARN_STRICT_PROTOTYPES = YES;
				CLANG_WARN_SUSPICIOUS_MOVE = YES;
				CLANG_WARN_UNGUARDED_AVAILABILITY = YES_AGGRESSIVE;
				CLANG_WARN_UNREACHABLE_CODE = YES;
				CLANG_WARN__DUPLICATE_METHOD_MATCH = YES;
				CODE_SIGN_IDENTITY = "iPhone Developer";
				COPY_PHASE_STRIP = NO;
				DEBUG_INFORMATION_FORMAT = "dwarf-with-dsym";
				ENABLE_NS_ASSERTIONS = NO;
				ENABLE_STRICT_OBJC_MSGSEND = YES;
				GCC_C_LANGUAGE_STANDARD = gnu11;
				GCC_NO_COMMON_BLOCKS = YES;
				GCC_WARN_64_TO_32_BIT_CONVERSION = YES;
				GCC_WARN_ABOUT_RETURN_TYPE = YES_ERROR;
				GCC_WARN_UNDECLARED_SELECTOR = YES;
				GCC_WARN_UNINITIALIZED_AUTOS = YES_AGGRESSIVE;
				GCC_WARN_UNUSED_FUNCTION = YES;
				GCC_WARN_UNUSED_VARIABLE = YES;
				IPHONEOS_DEPLOYMENT_TARGET = 12.1;
				MTL_ENABLE_DEBUG_INFO = NO;
				MTL_FAST_MATH = YES;
				SDKROOT = iphoneos;
				SWIFT_COMPILATION_MODE = wholemodule;
				SWIFT_OPTIMIZATION_LEVEL = "-O";
				VALIDATE_PRODUCT = YES;
			};
			name = Release;
		};
		0A2BFF4C21BE44D4000515CE /* Debug */ = {
			isa = XCBuildConfiguration;
			baseConfigurationReference = 737BA1A0E77BF759FE4009CE /* Pods-Viper-Demo.debug.xcconfig */;
			buildSettings = {
				ASSETCATALOG_COMPILER_APPICON_NAME = AppIcon;
				CODE_SIGN_STYLE = Automatic;
				DEVELOPMENT_TEAM = 974PYRN6CZ;
				INFOPLIST_FILE = "Viper-Demo/Info.plist";
				LD_RUNPATH_SEARCH_PATHS = (
					"$(inherited)",
					"@executable_path/Frameworks",
				);
				PRODUCT_BUNDLE_IDENTIFIER = "com.xais.Viper-Demo";
				PRODUCT_NAME = "$(TARGET_NAME)";
				SWIFT_VERSION = 4.2;
				TARGETED_DEVICE_FAMILY = "1,2";
			};
			name = Debug;
		};
		0A2BFF4D21BE44D4000515CE /* Release */ = {
			isa = XCBuildConfiguration;
			baseConfigurationReference = 34251C97ED5D352F52F4F631 /* Pods-Viper-Demo.release.xcconfig */;
			buildSettings = {
				ASSETCATALOG_COMPILER_APPICON_NAME = AppIcon;
				CODE_SIGN_STYLE = Automatic;
				DEVELOPMENT_TEAM = 974PYRN6CZ;
				INFOPLIST_FILE = "Viper-Demo/Info.plist";
				LD_RUNPATH_SEARCH_PATHS = (
					"$(inherited)",
					"@executable_path/Frameworks",
				);
				PRODUCT_BUNDLE_IDENTIFIER = "com.xais.Viper-Demo";
				PRODUCT_NAME = "$(TARGET_NAME)";
				SWIFT_VERSION = 4.2;
				TARGETED_DEVICE_FAMILY = "1,2";
			};
			name = Release;
		};
/* End XCBuildConfiguration section */

/* Begin XCConfigurationList section */
		0A2BFF3421BE44D1000515CE /* Build configuration list for PBXProject "Viper-Demo" */ = {
			isa = XCConfigurationList;
			buildConfigurations = (
				0A2BFF4921BE44D4000515CE /* Debug */,
				0A2BFF4A21BE44D4000515CE /* Release */,
			);
			defaultConfigurationIsVisible = 0;
			defaultConfigurationName = Release;
		};
		0A2BFF4B21BE44D4000515CE /* Build configuration list for PBXNativeTarget "Viper-Demo" */ = {
			isa = XCConfigurationList;
			buildConfigurations = (
				0A2BFF4C21BE44D4000515CE /* Debug */,
				0A2BFF4D21BE44D4000515CE /* Release */,
			);
			defaultConfigurationIsVisible = 0;
			defaultConfigurationName = Release;
		};
/* End XCConfigurationList section */
	};
	rootObject = 0A2BFF3121BE44D1000515CE /* Project object */;
}
